
Microsoft Visual Studio Solution File, Format Version 12.00
# Visual Studio Version 16
VisualStudioVersion = 16.0.29326.143
MinimumVisualStudioVersion = 10.0.40219.1
Project("{FAE04EC0-301F-11D3-BF4B-00C04F79EFBC}") = "CoffeeShopLab23", "CoffeeShop3\CoffeeShopLab23.csproj", "{F9611E38-5A43-4D35-9E3C-C38274C3E1CB}"
EndProject
Global
	GlobalSection(SolutionConfigurationPlatforms) = preSolution
		Debug|Any CPU = Debug|Any CPU
		Release|Any CPU = Release|Any CPU
	EndGlobalSection
	GlobalSection(ProjectConfigurationPlatforms) = postSolution
		{F9611E38-5A43-4D35-9E3C-C38274C3E1CB}.Debug|Any CPU.ActiveCfg = Debug|Any CPU
		{F9611E38-5A43-4D35-9E3C-C38274C3E1CB}.Debug|Any CPU.Build.0 = Debug|Any CPU
		{F9611E38-5A43-4D35-9E3C-C38274C3E1CB}.Release|Any CPU.ActiveCfg = Release|Any CPU
		{F9611E38-5A43-4D35-9E3C-C38274C3E1CB}.Release|Any CPU.Build.0 = Release|Any CPU
	EndGlobalSection
	GlobalSection(SolutionProperties) = preSolution
		HideSolutionNode = FALSE
	EndGlobalSection
	GlobalSection(ExtensibilityGlobals) = postSolution
		SolutionGuid = {E1238936-BF62-4EDB-87D6-25275FE4C525}
	EndGlobalSection
EndGlobal
